
Microsoft Visual Studio Solution File, Format Version 12.00
# Visual Studio Version 17
VisualStudioVersion = 17.6.33829.357
MinimumVisualStudioVersion = 10.0.40219.1
Project("{9A19103F-16F7-4668-BE54-9A1E7A4F7556}") = "Anelli.Alessandro.4I.WPFSlotMachine", "Anelli.Alessandro.4I.WPFSlotMachine\Anelli.Alessandro.4I.WPFSlotMachine.csproj", "{2294C304-49EF-4B11-9CA1-FBFE64AB9042}"
EndProject
Project("{9A19103F-16F7-4668-BE54-9A1E7A4F7556}") = "Anelli.Alessandro.4I.CliSlotMachine", "Anelli.Alessandro.4I.CliSlotMachine\Anelli.Alessandro.4I.CliSlotMachine.csproj", "{89EFB7D8-5D52-4AD3-9EC4-9576FDC1997F}"
EndProject
Project("{9A19103F-16F7-4668-BE54-9A1E7A4F7556}") = "Anelli.Alessandro.4I.LibSlotMachine", "Anelli.Alessandro.4I.LibSlotMachine\Anelli.Alessandro.4I.LibSlotMachine.csproj", "{8A325039-79A6-4B62-AB97-397B509B6CFB}"
EndProject
Global
	GlobalSection(SolutionConfigurationPlatforms) = preSolution
		Debug|Any CPU = Debug|Any CPU
		Release|Any CPU = Release|Any CPU
	EndGlobalSection
	GlobalSection(ProjectConfigurationPlatforms) = postSolution
		{2294C304-49EF-4B11-9CA1-FBFE64AB9042}.Debug|Any CPU.ActiveCfg = Debug|Any CPU
		{2294C304-49EF-4B11-9CA1-FBFE64AB9042}.Debug|Any CPU.Build.0 = Debug|Any CPU
		{2294C304-49EF-4B11-9CA1-FBFE64AB9042}.Release|Any CPU.ActiveCfg = Release|Any CPU
		{2294C304-49EF-4B11-9CA1-FBFE64AB9042}.Release|Any CPU.Build.0 = Release|Any CPU
		{89EFB7D8-5D52-4AD3-9EC4-9576FDC1997F}.Debug|Any CPU.ActiveCfg = Debug|Any CPU
		{89EFB7D8-5D52-4AD3-9EC4-9576FDC1997F}.Debug|Any CPU.Build.0 = Debug|Any CPU
		{89EFB7D8-5D52-4AD3-9EC4-9576FDC1997F}.Release|Any CPU.ActiveCfg = Release|Any CPU
		{89EFB7D8-5D52-4AD3-9EC4-9576FDC1997F}.Release|Any CPU.Build.0 = Release|Any CPU
		{8A325039-79A6-4B62-AB97-397B509B6CFB}.Debug|Any CPU.ActiveCfg = Debug|Any CPU
		{8A325039-79A6-4B62-AB97-397B509B6CFB}.Debug|Any CPU.Build.0 = Debug|Any CPU
		{8A325039-79A6-4B62-AB97-397B509B6CFB}.Release|Any CPU.ActiveCfg = Release|Any CPU
		{8A325039-79A6-4B62-AB97-397B509B6CFB}.Release|Any CPU.Build.0 = Release|Any CPU
	EndGlobalSection
	GlobalSection(SolutionProperties) = preSolution
		HideSolutionNode = FALSE
	EndGlobalSection
	GlobalSection(ExtensibilityGlobals) = postSolution
		SolutionGuid = {9D3BFA39-6E3C-4BCF-B627-F400733A273C}
	EndGlobalSection
EndGlobal
